
Microsoft Visual Studio Solution File, Format Version 12.00
# Visual Studio Version 17
VisualStudioVersion = 17.0.31903.59
MinimumVisualStudioVersion = 10.0.40219.1
Project("{2150E333-8FDC-42A3-9474-1A3956D46DE8}") = "src", "src", "{827E0CD3-B72D-47B6-A68D-7590B98EB39B}"
EndProject
Project("{FAE04EC0-301F-11D3-BF4B-00C04F79EFBC}") = "Jay.NC.Workflow.WebApi.Service", "src\Jay.NC.Workflow.WebApi.Service\Jay.NC.Workflow.WebApi.Service.csproj", "{3FA150BF-75FC-4B65-B0B6-C53F639C9542}"
EndProject
Project("{2150E333-8FDC-42A3-9474-1A3956D46DE8}") = "test", "test", "{0C88DD14-F956-CE84-757C-A364CCF449FC}"
EndProject
Project("{FAE04EC0-301F-11D3-BF4B-00C04F79EFBC}") = "Jay.NC.Workflow.WebApi.Service.Tests", "test\Jay.NC.Workflow.WebApi.Service.Tests\Jay.NC.Workflow.WebApi.Service.Tests.csproj", "{012719C0-C6E0-4218-9DB5-7A6ADD42220A}"
EndProject
Project("{FAE04EC0-301F-11D3-BF4B-00C04F79EFBC}") = "Jay.NC.Workflow.WebApi.Bll", "src\Jay.NC.Workflow.WebApi.Bll\Jay.NC.Workflow.WebApi.Bll.csproj", "{6C1D572B-D0B1-4763-9425-AA405FFA8E27}"
EndProject
Project("{FAE04EC0-301F-11D3-BF4B-00C04F79EFBC}") = "Jay.NC.Workflow.WebApi.Dal", "src\Jay.NC.Workflow.WebApi.Dal\Jay.NC.Workflow.WebApi.Dal.csproj", "{4A186766-F65D-47C4-92F6-B58DE88C8CD9}"
EndProject
Project("{FAE04EC0-301F-11D3-BF4B-00C04F79EFBC}") = "Jay.NC.Workflow.WebApi.Storage", "src\Jay.NC.Workflow.WebApi.Storage\Jay.NC.Workflow.WebApi.Storage.csproj", "{6EB47083-3C7C-40AD-AD22-E1C44E20176A}"
EndProject
Project("{FAE04EC0-301F-11D3-BF4B-00C04F79EFBC}") = "Jay.NC.Workflow.WebApi.Model", "src\Jay.NC.Workflow.WebApi.Model\Jay.NC.Workflow.WebApi.Model.csproj", "{B61E403F-034F-412D-8EF4-C4B4C5976E57}"
EndProject
Project("{FAE04EC0-301F-11D3-BF4B-00C04F79EFBC}") = "Jay.NC.Workflow.WebApi.Common", "src\Jay.NC.Workflow.WebApi.Common\Jay.NC.Workflow.WebApi.Common.csproj", "{7F7621A9-1161-40A6-9011-E860F58E5594}"
EndProject
Global
	GlobalSection(SolutionConfigurationPlatforms) = preSolution
		Debug|Any CPU = Debug|Any CPU
		Debug|x64 = Debug|x64
		Debug|x86 = Debug|x86
		Release|Any CPU = Release|Any CPU
		Release|x64 = Release|x64
		Release|x86 = Release|x86
	EndGlobalSection
	GlobalSection(ProjectConfigurationPlatforms) = postSolution
		{3FA150BF-75FC-4B65-B0B6-C53F639C9542}.Debug|Any CPU.ActiveCfg = Debug|Any CPU
		{3FA150BF-75FC-4B65-B0B6-C53F639C9542}.Debug|Any CPU.Build.0 = Debug|Any CPU
		{3FA150BF-75FC-4B65-B0B6-C53F639C9542}.Debug|x64.ActiveCfg = Debug|Any CPU
		{3FA150BF-75FC-4B65-B0B6-C53F639C9542}.Debug|x64.Build.0 = Debug|Any CPU
		{3FA150BF-75FC-4B65-B0B6-C53F639C9542}.Debug|x86.ActiveCfg = Debug|Any CPU
		{3FA150BF-75FC-4B65-B0B6-C53F639C9542}.Debug|x86.Build.0 = Debug|Any CPU
		{3FA150BF-75FC-4B65-B0B6-C53F639C9542}.Release|Any CPU.ActiveCfg = Release|Any CPU
		{3FA150BF-75FC-4B65-B0B6-C53F639C9542}.Release|Any CPU.Build.0 = Release|Any CPU
		{3FA150BF-75FC-4B65-B0B6-C53F639C9542}.Release|x64.ActiveCfg = Release|Any CPU
		{3FA150BF-75FC-4B65-B0B6-C53F639C9542}.Release|x64.Build.0 = Release|Any CPU
		{3FA150BF-75FC-4B65-B0B6-C53F639C9542}.Release|x86.ActiveCfg = Release|Any CPU
		{3FA150BF-75FC-4B65-B0B6-C53F639C9542}.Release|x86.Build.0 = Release|Any CPU
		{012719C0-C6E0-4218-9DB5-7A6ADD42220A}.Debug|Any CPU.ActiveCfg = Debug|Any CPU
		{012719C0-C6E0-4218-9DB5-7A6ADD42220A}.Debug|Any CPU.Build.0 = Debug|Any CPU
		{012719C0-C6E0-4218-9DB5-7A6ADD42220A}.Debug|x64.ActiveCfg = Debug|Any CPU
		{012719C0-C6E0-4218-9DB5-7A6ADD42220A}.Debug|x64.Build.0 = Debug|Any CPU
		{012719C0-C6E0-4218-9DB5-7A6ADD42220A}.Debug|x86.ActiveCfg = Debug|Any CPU
		{012719C0-C6E0-4218-9DB5-7A6ADD42220A}.Debug|x86.Build.0 = Debug|Any CPU
		{012719C0-C6E0-4218-9DB5-7A6ADD42220A}.Release|Any CPU.ActiveCfg = Release|Any CPU
		{012719C0-C6E0-4218-9DB5-7A6ADD42220A}.Release|Any CPU.Build.0 = Release|Any CPU
		{012719C0-C6E0-4218-9DB5-7A6ADD42220A}.Release|x64.ActiveCfg = Release|Any CPU
		{012719C0-C6E0-4218-9DB5-7A6ADD42220A}.Release|x64.Build.0 = Release|Any CPU
		{012719C0-C6E0-4218-9DB5-7A6ADD42220A}.Release|x86.ActiveCfg = Release|Any CPU
		{012719C0-C6E0-4218-9DB5-7A6ADD42220A}.Release|x86.Build.0 = Release|Any CPU
		{6C1D572B-D0B1-4763-9425-AA405FFA8E27}.Debug|Any CPU.ActiveCfg = Debug|Any CPU
		{6C1D572B-D0B1-4763-9425-AA405FFA8E27}.Debug|Any CPU.Build.0 = Debug|Any CPU
		{6C1D572B-D0B1-4763-9425-AA405FFA8E27}.Debug|x64.ActiveCfg = Debug|Any CPU
		{6C1D572B-D0B1-4763-9425-AA405FFA8E27}.Debug|x64.Build.0 = Debug|Any CPU
		{6C1D572B-D0B1-4763-9425-AA405FFA8E27}.Debug|x86.ActiveCfg = Debug|Any CPU
		{6C1D572B-D0B1-4763-9425-AA405FFA8E27}.Debug|x86.Build.0 = Debug|Any CPU
		{6C1D572B-D0B1-4763-9425-AA405FFA8E27}.Release|Any CPU.ActiveCfg = Release|Any CPU
		{6C1D572B-D0B1-4763-9425-AA405FFA8E27}.Release|Any CPU.Build.0 = Release|Any CPU
		{6C1D572B-D0B1-4763-9425-AA405FFA8E27}.Release|x64.ActiveCfg = Release|Any CPU
		{6C1D572B-D0B1-4763-9425-AA405FFA8E27}.Release|x64.Build.0 = Release|Any CPU
		{6C1D572B-D0B1-4763-9425-AA405FFA8E27}.Release|x86.ActiveCfg = Release|Any CPU
		{6C1D572B-D0B1-4763-9425-AA405FFA8E27}.Release|x86.Build.0 = Release|Any CPU
		{4A186766-F65D-47C4-92F6-B58DE88C8CD9}.Debug|Any CPU.ActiveCfg = Debug|Any CPU
		{4A186766-F65D-47C4-92F6-B58DE88C8CD9}.Debug|Any CPU.Build.0 = Debug|Any CPU
		{4A186766-F65D-47C4-92F6-B58DE88C8CD9}.Debug|x64.ActiveCfg = Debug|Any CPU
		{4A186766-F65D-47C4-92F6-B58DE88C8CD9}.Debug|x64.Build.0 = Debug|Any CPU
		{4A186766-F65D-47C4-92F6-B58DE88C8CD9}.Debug|x86.ActiveCfg = Debug|Any CPU
		{4A186766-F65D-47C4-92F6-B58DE88C8CD9}.Debug|x86.Build.0 = Debug|Any CPU
		{4A186766-F65D-47C4-92F6-B58DE88C8CD9}.Release|Any CPU.ActiveCfg = Release|Any CPU
		{4A186766-F65D-47C4-92F6-B58DE88C8CD9}.Release|Any CPU.Build.0 = Release|Any CPU
		{4A186766-F65D-47C4-92F6-B58DE88C8CD9}.Release|x64.ActiveCfg = Release|Any CPU
		{4A186766-F65D-47C4-92F6-B58DE88C8CD9}.Release|x64.Build.0 = Release|Any CPU
		{4A186766-F65D-47C4-92F6-B58DE88C8CD9}.Release|x86.ActiveCfg = Release|Any CPU
		{4A186766-F65D-47C4-92F6-B58DE88C8CD9}.Release|x86.Build.0 = Release|Any CPU
		{6EB47083-3C7C-40AD-AD22-E1C44E20176A}.Debug|Any CPU.ActiveCfg = Debug|Any CPU
		{6EB47083-3C7C-40AD-AD22-E1C44E20176A}.Debug|Any CPU.Build.0 = Debug|Any CPU
		{6EB47083-3C7C-40AD-AD22-E1C44E20176A}.Debug|x64.ActiveCfg = Debug|Any CPU
		{6EB47083-3C7C-40AD-AD22-E1C44E20176A}.Debug|x64.Build.0 = Debug|Any CPU
		{6EB47083-3C7C-40AD-AD22-E1C44E20176A}.Debug|x86.ActiveCfg = Debug|Any CPU
		{6EB47083-3C7C-40AD-AD22-E1C44E20176A}.Debug|x86.Build.0 = Debug|Any CPU
		{6EB47083-3C7C-40AD-AD22-E1C44E20176A}.Release|Any CPU.ActiveCfg = Release|Any CPU
		{6EB47083-3C7C-40AD-AD22-E1C44E20176A}.Release|Any CPU.Build.0 = Release|Any CPU
		{6EB47083-3C7C-40AD-AD22-E1C44E20176A}.Release|x64.ActiveCfg = Release|Any CPU
		{6EB47083-3C7C-40AD-AD22-E1C44E20176A}.Release|x64.Build.0 = Release|Any CPU
		{6EB47083-3C7C-40AD-AD22-E1C44E20176A}.Release|x86.ActiveCfg = Release|Any CPU
		{6EB47083-3C7C-40AD-AD22-E1C44E20176A}.Release|x86.Build.0 = Release|Any CPU
		{B61E403F-034F-412D-8EF4-C4B4C5976E57}.Debug|Any CPU.ActiveCfg = Debug|Any CPU
		{B61E403F-034F-412D-8EF4-C4B4C5976E57}.Debug|Any CPU.Build.0 = Debug|Any CPU
		{B61E403F-034F-412D-8EF4-C4B4C5976E57}.Debug|x64.ActiveCfg = Debug|Any CPU
		{B61E403F-034F-412D-8EF4-C4B4C5976E57}.Debug|x64.Build.0 = Debug|Any CPU
		{B61E403F-034F-412D-8EF4-C4B4C5976E57}.Debug|x86.ActiveCfg = Debug|Any CPU
		{B61E403F-034F-412D-8EF4-C4B4C5976E57}.Debug|x86.Build.0 = Debug|Any CPU
		{B61E403F-034F-412D-8EF4-C4B4C5976E57}.Release|Any CPU.ActiveCfg = Release|Any CPU
		{B61E403F-034F-412D-8EF4-C4B4C5976E57}.Release|Any CPU.Build.0 = Release|Any CPU
		{B61E403F-034F-412D-8EF4-C4B4C5976E57}.Release|x64.ActiveCfg = Release|Any CPU
		{B61E403F-034F-412D-8EF4-C4B4C5976E57}.Release|x64.Build.0 = Release|Any CPU
		{B61E403F-034F-412D-8EF4-C4B4C5976E57}.Release|x86.ActiveCfg = Release|Any CPU
		{B61E403F-034F-412D-8EF4-C4B4C5976E57}.Release|x86.Build.0 = Release|Any CPU
		{7F7621A9-1161-40A6-9011-E860F58E5594}.Debug|Any CPU.ActiveCfg = Debug|Any CPU
		{7F7621A9-1161-40A6-9011-E860F58E5594}.Debug|Any CPU.Build.0 = Debug|Any CPU
		{7F7621A9-1161-40A6-9011-E860F58E5594}.Debug|x64.ActiveCfg = Debug|Any CPU
		{7F7621A9-1161-40A6-9011-E860F58E5594}.Debug|x64.Build.0 = Debug|Any CPU
		{7F7621A9-1161-40A6-9011-E860F58E5594}.Debug|x86.ActiveCfg = Debug|Any CPU
		{7F7621A9-1161-40A6-9011-E860F58E5594}.Debug|x86.Build.0 = Debug|Any CPU
		{7F7621A9-1161-40A6-9011-E860F58E5594}.Release|Any CPU.ActiveCfg = Release|Any CPU
		{7F7621A9-1161-40A6-9011-E860F58E5594}.Release|Any CPU.Build.0 = Release|Any CPU
		{7F7621A9-1161-40A6-9011-E860F58E5594}.Release|x64.ActiveCfg = Release|Any CPU
		{7F7621A9-1161-40A6-9011-E860F58E5594}.Release|x64.Build.0 = Release|Any CPU
		{7F7621A9-1161-40A6-9011-E860F58E5594}.Release|x86.ActiveCfg = Release|Any CPU
		{7F7621A9-1161-40A6-9011-E860F58E5594}.Release|x86.Build.0 = Release|Any CPU
	EndGlobalSection
	GlobalSection(SolutionProperties) = preSolution
		HideSolutionNode = FALSE
	EndGlobalSection
	GlobalSection(NestedProjects) = preSolution
		{3FA150BF-75FC-4B65-B0B6-C53F639C9542} = {827E0CD3-B72D-47B6-A68D-7590B98EB39B}
		{012719C0-C6E0-4218-9DB5-7A6ADD42220A} = {0C88DD14-F956-CE84-757C-A364CCF449FC}
		{6C1D572B-D0B1-4763-9425-AA405FFA8E27} = {827E0CD3-B72D-47B6-A68D-7590B98EB39B}
		{4A186766-F65D-47C4-92F6-B58DE88C8CD9} = {827E0CD3-B72D-47B6-A68D-7590B98EB39B}
		{6EB47083-3C7C-40AD-AD22-E1C44E20176A} = {827E0CD3-B72D-47B6-A68D-7590B98EB39B}
		{B61E403F-034F-412D-8EF4-C4B4C5976E57} = {827E0CD3-B72D-47B6-A68D-7590B98EB39B}
		{7F7621A9-1161-40A6-9011-E860F58E5594} = {827E0CD3-B72D-47B6-A68D-7590B98EB39B}
	EndGlobalSection
EndGlobal
